
Microsoft Visual Studio Solution File, Format Version 12.00
# Visual Studio 15
Project("{FAE04EC0-301F-11D3-BF4B-00C04F79EFBC}") = "Unity.Timeline", "Unity.Timeline.csproj", "{81F61A3C-53C8-3050-E6D0-599838866233}"
EndProject
Project("{FAE04EC0-301F-11D3-BF4B-00C04F79EFBC}") = "Unity.Timeline.Editor", "Unity.Timeline.Editor.csproj", "{4DE71F4D-4BDE-ADD4-37F8-3947781D4DFC}"
EndProject
Project("{FAE04EC0-301F-11D3-BF4B-00C04F79EFBC}") = "Unity.TextMeshPro.Editor", "Unity.TextMeshPro.Editor.csproj", "{6D31CD02-6566-C6FA-27D3-2F6B2EAE732A}"
EndProject
Project("{FAE04EC0-301F-11D3-BF4B-00C04F79EFBC}") = "Unity.PlasticSCM.Editor", "Unity.PlasticSCM.Editor.csproj", "{651374E0-42AD-872F-309A-C9A0B9B921F7}"
EndProject
Project("{FAE04EC0-301F-11D3-BF4B-00C04F79EFBC}") = "Unity.VisualScripting.Flow", "Unity.VisualScripting.Flow.csproj", "{B1DDA6C3-5EC6-2F3A-0F8E-DDAFDB933BC8}"
EndProject
Project("{FAE04EC0-301F-11D3-BF4B-00C04F79EFBC}") = "UnityEditor.UI", "UnityEditor.UI.csproj", "{4C826095-0465-F368-FB06-E32D40B67D12}"
EndProject
Project("{FAE04EC0-301F-11D3-BF4B-00C04F79EFBC}") = "Unity.VisualScripting.Core", "Unity.VisualScripting.Core.csproj", "{9F60A85B-B185-E05D-8B49-77D0A39901EE}"
EndProject
Project("{FAE04EC0-301F-11D3-BF4B-00C04F79EFBC}") = "Unity.VisualScripting.Core.Editor", "Unity.VisualScripting.Core.Editor.csproj", "{B8A532A1-8270-6219-AFD9-854BA96FE092}"
EndProject
Project("{FAE04EC0-301F-11D3-BF4B-00C04F79EFBC}") = "Unity.VisualScripting.Flow.Editor", "Unity.VisualScripting.Flow.Editor.csproj", "{BBD3E6CF-9D44-2462-BB38-E74AC0D7594C}"
EndProject
Project("{FAE04EC0-301F-11D3-BF4B-00C04F79EFBC}") = "UnityEditor.TestRunner", "UnityEditor.TestRunner.csproj", "{BCE302BF-E460-CA80-2470-4A9869B28C9D}"
EndProject
Project("{FAE04EC0-301F-11D3-BF4B-00C04F79EFBC}") = "Unity.VisualScripting.SettingsProvider.Editor", "Unity.VisualScripting.SettingsProvider.Editor.csproj", "{D6F83DD3-284F-4C85-B5ED-6F59DAF66F72}"
EndProject
Project("{FAE04EC0-301F-11D3-BF4B-00C04F79EFBC}") = "UnityEngine.TestRunner", "UnityEngine.TestRunner.csproj", "{A252280C-3334-86B3-622E-DFC4D0D4F22E}"
EndProject
Project("{FAE04EC0-301F-11D3-BF4B-00C04F79EFBC}") = "Assembly-CSharp", "Assembly-CSharp.csproj", "{93A22205-0D17-C6C2-9342-4D29EAE7FC43}"
EndProject
Project("{FAE04EC0-301F-11D3-BF4B-00C04F79EFBC}") = "UnityEngine.UI", "UnityEngine.UI.csproj", "{9BC8D2E8-1AAD-C293-4CF4-EB3C86D7F2C9}"
EndProject
Project("{FAE04EC0-301F-11D3-BF4B-00C04F79EFBC}") = "Unity.VisualStudio.Editor", "Unity.VisualStudio.Editor.csproj", "{A2ED5A8F-B0ED-F5BB-DFE9-758FCAEA23BE}"
EndProject
Project("{FAE04EC0-301F-11D3-BF4B-00C04F79EFBC}") = "Unity.TestTools.CodeCoverage.Editor.OpenCover.Model", "Unity.TestTools.CodeCoverage.Editor.OpenCover.Model.csproj", "{C1486DAC-0EB3-EE09-FFCD-98EEF44C87D7}"
EndProject
Project("{FAE04EC0-301F-11D3-BF4B-00C04F79EFBC}") = "Unity.Rider.Editor", "Unity.Rider.Editor.csproj", "{4FDBABFC-0F6E-B5C2-128F-124F592F5E3B}"
EndProject
Project("{FAE04EC0-301F-11D3-BF4B-00C04F79EFBC}") = "Unity.CollabProxy.Editor", "Unity.CollabProxy.Editor.csproj", "{01DC07DB-B893-4080-18DF-DB10674D99C7}"
EndProject
Project("{FAE04EC0-301F-11D3-BF4B-00C04F79EFBC}") = "Unity.VisualScripting.State.Editor", "Unity.VisualScripting.State.Editor.csproj", "{6108A744-7041-E9CC-BBAD-A8D1389242FC}"
EndProject
Project("{FAE04EC0-301F-11D3-BF4B-00C04F79EFBC}") = "Unity.TestTools.CodeCoverage.Editor", "Unity.TestTools.CodeCoverage.Editor.csproj", "{0A66D17A-9F39-CAA5-6C03-5581967E6A5E}"
EndProject
Project("{FAE04EC0-301F-11D3-BF4B-00C04F79EFBC}") = "Unity.VisualScripting.State", "Unity.VisualScripting.State.csproj", "{1F8A922D-554E-D44D-9A6A-B527290C5C64}"
EndProject
Project("{FAE04EC0-301F-11D3-BF4B-00C04F79EFBC}") = "Unity.TextMeshPro", "Unity.TextMeshPro.csproj", "{DD0E54A8-8950-46A6-6586-1324FAAEF04F}"
EndProject
Project("{FAE04EC0-301F-11D3-BF4B-00C04F79EFBC}") = "Unity.Performance.Profile-Analyzer.Editor", "Unity.Performance.Profile-Analyzer.Editor.csproj", "{89D42517-5291-51BE-0E70-F67837D91880}"
EndProject
Project("{FAE04EC0-301F-11D3-BF4B-00C04F79EFBC}") = "Unity.VSCode.Editor", "Unity.VSCode.Editor.csproj", "{F22E2067-8A2E-8136-C03D-BB0E789B9781}"
EndProject
Project("{FAE04EC0-301F-11D3-BF4B-00C04F79EFBC}") = "Unity.TestTools.CodeCoverage.Editor.OpenCover.Mono.Reflection", "Unity.TestTools.CodeCoverage.Editor.OpenCover.Mono.Reflection.csproj", "{5079B4BC-746A-72B6-9FB1-FEB8E8C4DADF}"
EndProject
Project("{FAE04EC0-301F-11D3-BF4B-00C04F79EFBC}") = "Unity.Settings.Editor", "Unity.Settings.Editor.csproj", "{48D0B84A-05F6-1736-6823-67BD7F3C2BB6}"
EndProject
Project("{FAE04EC0-301F-11D3-BF4B-00C04F79EFBC}") = "Unity.EditorCoroutines.Editor", "Unity.EditorCoroutines.Editor.csproj", "{E15E8CC1-AF6B-1207-4ECE-7B99AA0A79A0}"
EndProject
Project("{FAE04EC0-301F-11D3-BF4B-00C04F79EFBC}") = "Unity.VisualScripting.Shared.Editor", "Unity.VisualScripting.Shared.Editor.csproj", "{0C5AE8E7-19E1-ADE9-346A-FFB1057932C5}"
EndProject
Global
	GlobalSection(SolutionConfigurationPlatforms) = preSolution
		Debug|Any CPU = Debug|Any CPU
		Release|Any CPU = Release|Any CPU
	EndGlobalSection
	GlobalSection(ProjectConfigurationPlatforms) = postSolution
		{81F61A3C-53C8-3050-E6D0-599838866233}.Debug|Any CPU.ActiveCfg = Debug|Any CPU
		{81F61A3C-53C8-3050-E6D0-599838866233}.Debug|Any CPU.Build.0 = Debug|Any CPU
		{81F61A3C-53C8-3050-E6D0-599838866233}.Release|Any CPU.ActiveCfg = Release|Any CPU
		{81F61A3C-53C8-3050-E6D0-599838866233}.Release|Any CPU.Build.0 = Release|Any CPU
		{4DE71F4D-4BDE-ADD4-37F8-3947781D4DFC}.Debug|Any CPU.ActiveCfg = Debug|Any CPU
		{4DE71F4D-4BDE-ADD4-37F8-3947781D4DFC}.Debug|Any CPU.Build.0 = Debug|Any CPU
		{4DE71F4D-4BDE-ADD4-37F8-3947781D4DFC}.Release|Any CPU.ActiveCfg = Release|Any CPU
		{4DE71F4D-4BDE-ADD4-37F8-3947781D4DFC}.Release|Any CPU.Build.0 = Release|Any CPU
		{6D31CD02-6566-C6FA-27D3-2F6B2EAE732A}.Debug|Any CPU.ActiveCfg = Debug|Any CPU
		{6D31CD02-6566-C6FA-27D3-2F6B2EAE732A}.Debug|Any CPU.Build.0 = Debug|Any CPU
		{6D31CD02-6566-C6FA-27D3-2F6B2EAE732A}.Release|Any CPU.ActiveCfg = Release|Any CPU
		{6D31CD02-6566-C6FA-27D3-2F6B2EAE732A}.Release|Any CPU.Build.0 = Release|Any CPU
		{651374E0-42AD-872F-309A-C9A0B9B921F7}.Debug|Any CPU.ActiveCfg = Debug|Any CPU
		{651374E0-42AD-872F-309A-C9A0B9B921F7}.Debug|Any CPU.Build.0 = Debug|Any CPU
		{651374E0-42AD-872F-309A-C9A0B9B921F7}.Release|Any CPU.ActiveCfg = Release|Any CPU
		{651374E0-42AD-872F-309A-C9A0B9B921F7}.Release|Any CPU.Build.0 = Release|Any CPU
		{B1DDA6C3-5EC6-2F3A-0F8E-DDAFDB933BC8}.Debug|Any CPU.ActiveCfg = Debug|Any CPU
		{B1DDA6C3-5EC6-2F3A-0F8E-DDAFDB933BC8}.Debug|Any CPU.Build.0 = Debug|Any CPU
		{B1DDA6C3-5EC6-2F3A-0F8E-DDAFDB933BC8}.Release|Any CPU.ActiveCfg = Release|Any CPU
		{B1DDA6C3-5EC6-2F3A-0F8E-DDAFDB933BC8}.Release|Any CPU.Build.0 = Release|Any CPU
		{4C826095-0465-F368-FB06-E32D40B67D12}.Debug|Any CPU.ActiveCfg = Debug|Any CPU
		{4C826095-0465-F368-FB06-E32D40B67D12}.Debug|Any CPU.Build.0 = Debug|Any CPU
		{4C826095-0465-F368-FB06-E32D40B67D12}.Release|Any CPU.ActiveCfg = Release|Any CPU
		{4C826095-0465-F368-FB06-E32D40B67D12}.Release|Any CPU.Build.0 = Release|Any CPU
		{9F60A85B-B185-E05D-8B49-77D0A39901EE}.Debug|Any CPU.ActiveCfg = Debug|Any CPU
		{9F60A85B-B185-E05D-8B49-77D0A39901EE}.Debug|Any CPU.Build.0 = Debug|Any CPU
		{9F60A85B-B185-E05D-8B49-77D0A39901EE}.Release|Any CPU.ActiveCfg = Release|Any CPU
		{9F60A85B-B185-E05D-8B49-77D0A39901EE}.Release|Any CPU.Build.0 = Release|Any CPU
		{B8A532A1-8270-6219-AFD9-854BA96FE092}.Debug|Any CPU.ActiveCfg = Debug|Any CPU
		{B8A532A1-8270-6219-AFD9-854BA96FE092}.Debug|Any CPU.Build.0 = Debug|Any CPU
		{B8A532A1-8270-6219-AFD9-854BA96FE092}.Release|Any CPU.ActiveCfg = Release|Any CPU
		{B8A532A1-8270-6219-AFD9-854BA96FE092}.Release|Any CPU.Build.0 = Release|Any CPU
		{BBD3E6CF-9D44-2462-BB38-E74AC0D7594C}.Debug|Any CPU.ActiveCfg = Debug|Any CPU
		{BBD3E6CF-9D44-2462-BB38-E74AC0D7594C}.Debug|Any CPU.Build.0 = Debug|Any CPU
		{BBD3E6CF-9D44-2462-BB38-E74AC0D7594C}.Release|Any CPU.ActiveCfg = Release|Any CPU
		{BBD3E6CF-9D44-2462-BB38-E74AC0D7594C}.Release|Any CPU.Build.0 = Release|Any CPU
		{BCE302BF-E460-CA80-2470-4A9869B28C9D}.Debug|Any CPU.ActiveCfg = Debug|Any CPU
		{BCE302BF-E460-CA80-2470-4A9869B28C9D}.Debug|Any CPU.Build.0 = Debug|Any CPU
		{BCE302BF-E460-CA80-2470-4A9869B28C9D}.Release|Any CPU.ActiveCfg = Release|Any CPU
		{BCE302BF-E460-CA80-2470-4A9869B28C9D}.Release|Any CPU.Build.0 = Release|Any CPU
		{D6F83DD3-284F-4C85-B5ED-6F59DAF66F72}.Debug|Any CPU.ActiveCfg = Debug|Any CPU
		{D6F83DD3-284F-4C85-B5ED-6F59DAF66F72}.Debug|Any CPU.Build.0 = Debug|Any CPU
		{D6F83DD3-284F-4C85-B5ED-6F59DAF66F72}.Release|Any CPU.ActiveCfg = Release|Any CPU
		{D6F83DD3-284F-4C85-B5ED-6F59DAF66F72}.Release|Any CPU.Build.0 = Release|Any CPU
		{A252280C-3334-86B3-622E-DFC4D0D4F22E}.Debug|Any CPU.ActiveCfg = Debug|Any CPU
		{A252280C-3334-86B3-622E-DFC4D0D4F22E}.Debug|Any CPU.Build.0 = Debug|Any CPU
		{A252280C-3334-86B3-622E-DFC4D0D4F22E}.Release|Any CPU.ActiveCfg = Release|Any CPU
		{A252280C-3334-86B3-622E-DFC4D0D4F22E}.Release|Any CPU.Build.0 = Release|Any CPU
		{93A22205-0D17-C6C2-9342-4D29EAE7FC43}.Debug|Any CPU.ActiveCfg = Debug|Any CPU
		{93A22205-0D17-C6C2-9342-4D29EAE7FC43}.Debug|Any CPU.Build.0 = Debug|Any CPU
		{93A22205-0D17-C6C2-9342-4D29EAE7FC43}.Release|Any CPU.ActiveCfg = Release|Any CPU
		{93A22205-0D17-C6C2-9342-4D29EAE7FC43}.Release|Any CPU.Build.0 = Release|Any CPU
		{9BC8D2E8-1AAD-C293-4CF4-EB3C86D7F2C9}.Debug|Any CPU.ActiveCfg = Debug|Any CPU
		{9BC8D2E8-1AAD-C293-4CF4-EB3C86D7F2C9}.Debug|Any CPU.Build.0 = Debug|Any CPU
		{9BC8D2E8-1AAD-C293-4CF4-EB3C86D7F2C9}.Release|Any CPU.ActiveCfg = Release|Any CPU
		{9BC8D2E8-1AAD-C293-4CF4-EB3C86D7F2C9}.Release|Any CPU.Build.0 = Release|Any CPU
		{A2ED5A8F-B0ED-F5BB-DFE9-758FCAEA23BE}.Debug|Any CPU.ActiveCfg = Debug|Any CPU
		{A2ED5A8F-B0ED-F5BB-DFE9-758FCAEA23BE}.Debug|Any CPU.Build.0 = Debug|Any CPU
		{A2ED5A8F-B0ED-F5BB-DFE9-758FCAEA23BE}.Release|Any CPU.ActiveCfg = Release|Any CPU
		{A2ED5A8F-B0ED-F5BB-DFE9-758FCAEA23BE}.Release|Any CPU.Build.0 = Release|Any CPU
		{C1486DAC-0EB3-EE09-FFCD-98EEF44C87D7}.Debug|Any CPU.ActiveCfg = Debug|Any CPU
		{C1486DAC-0EB3-EE09-FFCD-98EEF44C87D7}.Debug|Any CPU.Build.0 = Debug|Any CPU
		{C1486DAC-0EB3-EE09-FFCD-98EEF44C87D7}.Release|Any CPU.ActiveCfg = Release|Any CPU
		{C1486DAC-0EB3-EE09-FFCD-98EEF44C87D7}.Release|Any CPU.Build.0 = Release|Any CPU
		{4FDBABFC-0F6E-B5C2-128F-124F592F5E3B}.Debug|Any CPU.ActiveCfg = Debug|Any CPU
		{4FDBABFC-0F6E-B5C2-128F-124F592F5E3B}.Debug|Any CPU.Build.0 = Debug|Any CPU
		{4FDBABFC-0F6E-B5C2-128F-124F592F5E3B}.Release|Any CPU.ActiveCfg = Release|Any CPU
		{4FDBABFC-0F6E-B5C2-128F-124F592F5E3B}.Release|Any CPU.Build.0 = Release|Any CPU
		{01DC07DB-B893-4080-18DF-DB10674D99C7}.Debug|Any CPU.ActiveCfg = Debug|Any CPU
		{01DC07DB-B893-4080-18DF-DB10674D99C7}.Debug|Any CPU.Build.0 = Debug|Any CPU
		{01DC07DB-B893-4080-18DF-DB10674D99C7}.Release|Any CPU.ActiveCfg = Release|Any CPU
		{01DC07DB-B893-4080-18DF-DB10674D99C7}.Release|Any CPU.Build.0 = Release|Any CPU
		{6108A744-7041-E9CC-BBAD-A8D1389242FC}.Debug|Any CPU.ActiveCfg = Debug|Any CPU
		{6108A744-7041-E9CC-BBAD-A8D1389242FC}.Debug|Any CPU.Build.0 = Debug|Any CPU
		{6108A744-7041-E9CC-BBAD-A8D1389242FC}.Release|Any CPU.ActiveCfg = Release|Any CPU
		{6108A744-7041-E9CC-BBAD-A8D1389242FC}.Release|Any CPU.Build.0 = Release|Any CPU
		{0A66D17A-9F39-CAA5-6C03-5581967E6A5E}.Debug|Any CPU.ActiveCfg = Debug|Any CPU
		{0A66D17A-9F39-CAA5-6C03-5581967E6A5E}.Debug|Any CPU.Build.0 = Debug|Any CPU
		{0A66D17A-9F39-CAA5-6C03-5581967E6A5E}.Release|Any CPU.ActiveCfg = Release|Any CPU
		{0A66D17A-9F39-CAA5-6C03-5581967E6A5E}.Release|Any CPU.Build.0 = Release|Any CPU
		{1F8A922D-554E-D44D-9A6A-B527290C5C64}.Debug|Any CPU.ActiveCfg = Debug|Any CPU
		{1F8A922D-554E-D44D-9A6A-B527290C5C64}.Debug|Any CPU.Build.0 = Debug|Any CPU
		{1F8A922D-554E-D44D-9A6A-B527290C5C64}.Release|Any CPU.ActiveCfg = Release|Any CPU
		{1F8A922D-554E-D44D-9A6A-B527290C5C64}.Release|Any CPU.Build.0 = Release|Any CPU
		{DD0E54A8-8950-46A6-6586-1324FAAEF04F}.Debug|Any CPU.ActiveCfg = Debug|Any CPU
		{DD0E54A8-8950-46A6-6586-1324FAAEF04F}.Debug|Any CPU.Build.0 = Debug|Any CPU
		{DD0E54A8-8950-46A6-6586-1324FAAEF04F}.Release|Any CPU.ActiveCfg = Release|Any CPU
		{DD0E54A8-8950-46A6-6586-1324FAAEF04F}.Release|Any CPU.Build.0 = Release|Any CPU
		{89D42517-5291-51BE-0E70-F67837D91880}.Debug|Any CPU.ActiveCfg = Debug|Any CPU
		{89D42517-5291-51BE-0E70-F67837D91880}.Debug|Any CPU.Build.0 = Debug|Any CPU
		{89D42517-5291-51BE-0E70-F67837D91880}.Release|Any CPU.ActiveCfg = Release|Any CPU
		{89D42517-5291-51BE-0E70-F67837D91880}.Release|Any CPU.Build.0 = Release|Any CPU
		{F22E2067-8A2E-8136-C03D-BB0E789B9781}.Debug|Any CPU.ActiveCfg = Debug|Any CPU
		{F22E2067-8A2E-8136-C03D-BB0E789B9781}.Debug|Any CPU.Build.0 = Debug|Any CPU
		{F22E2067-8A2E-8136-C03D-BB0E789B9781}.Release|Any CPU.ActiveCfg = Release|Any CPU
		{F22E2067-8A2E-8136-C03D-BB0E789B9781}.Release|Any CPU.Build.0 = Release|Any CPU
		{5079B4BC-746A-72B6-9FB1-FEB8E8C4DADF}.Debug|Any CPU.ActiveCfg = Debug|Any CPU
		{5079B4BC-746A-72B6-9FB1-FEB8E8C4DADF}.Debug|Any CPU.Build.0 = Debug|Any CPU
		{5079B4BC-746A-72B6-9FB1-FEB8E8C4DADF}.Release|Any CPU.ActiveCfg = Release|Any CPU
		{5079B4BC-746A-72B6-9FB1-FEB8E8C4DADF}.Release|Any CPU.Build.0 = Release|Any CPU
		{48D0B84A-05F6-1736-6823-67BD7F3C2BB6}.Debug|Any CPU.ActiveCfg = Debug|Any CPU
		{48D0B84A-05F6-1736-6823-67BD7F3C2BB6}.Debug|Any CPU.Build.0 = Debug|Any CPU
		{48D0B84A-05F6-1736-6823-67BD7F3C2BB6}.Release|Any CPU.ActiveCfg = Release|Any CPU
		{48D0B84A-05F6-1736-6823-67BD7F3C2BB6}.Release|Any CPU.Build.0 = Release|Any CPU
		{E15E8CC1-AF6B-1207-4ECE-7B99AA0A79A0}.Debug|Any CPU.ActiveCfg = Debug|Any CPU
		{E15E8CC1-AF6B-1207-4ECE-7B99AA0A79A0}.Debug|Any CPU.Build.0 = Debug|Any CPU
		{E15E8CC1-AF6B-1207-4ECE-7B99AA0A79A0}.Release|Any CPU.ActiveCfg = Release|Any CPU
		{E15E8CC1-AF6B-1207-4ECE-7B99AA0A79A0}.Release|Any CPU.Build.0 = Release|Any CPU
		{0C5AE8E7-19E1-ADE9-346A-FFB1057932C5}.Debug|Any CPU.ActiveCfg = Debug|Any CPU
		{0C5AE8E7-19E1-ADE9-346A-FFB1057932C5}.Debug|Any CPU.Build.0 = Debug|Any CPU
		{0C5AE8E7-19E1-ADE9-346A-FFB1057932C5}.Release|Any CPU.ActiveCfg = Release|Any CPU
		{0C5AE8E7-19E1-ADE9-346A-FFB1057932C5}.Release|Any CPU.Build.0 = Release|Any CPU
	EndGlobalSection
	GlobalSection(SolutionProperties) = preSolution
		HideSolutionNode = FALSE
	EndGlobalSection
EndGlobal
